
Microsoft Visual Studio Solution File, Format Version 12.00
# Visual Studio 15
VisualStudioVersion = 15.0.28010.2003
MinimumVisualStudioVersion = 10.0.40219.1
Project("{FAE04EC0-301F-11D3-BF4B-00C04F79EFBC}") = "Membership", "Membership\Membership.csproj", "{06DF856F-7A00-438D-ABFF-4C4986DEDABB}"
EndProject
Global
	GlobalSection(SolutionConfigurationPlatforms) = preSolution
		Debug|Any CPU = Debug|Any CPU
		Release|Any CPU = Release|Any CPU
	EndGlobalSection
	GlobalSection(ProjectConfigurationPlatforms) = postSolution
		{06DF856F-7A00-438D-ABFF-4C4986DEDABB}.Debug|Any CPU.ActiveCfg = Debug|Any CPU
		{06DF856F-7A00-438D-ABFF-4C4986DEDABB}.Debug|Any CPU.Build.0 = Debug|Any CPU
		{06DF856F-7A00-438D-ABFF-4C4986DEDABB}.Release|Any CPU.ActiveCfg = Release|Any CPU
		{06DF856F-7A00-438D-ABFF-4C4986DEDABB}.Release|Any CPU.Build.0 = Release|Any CPU
	EndGlobalSection
	GlobalSection(SolutionProperties) = preSolution
		HideSolutionNode = FALSE
	EndGlobalSection
	GlobalSection(ExtensibilityGlobals) = postSolution
		SolutionGuid = {CCD47377-6AEB-4ED2-8635-22DEEEAF686A}
	EndGlobalSection
EndGlobal
